{
  "name": "damo-antd",
  "version": "0.0.2",
  "lockfileVersion": 1,
  "requires": true,
  "dependencies": {
    "add-dom-event-listener": {
      "version": "1.0.2",
      "resolved": "https://registry.npmjs.org/add-dom-event-listener/-/add-dom-event-listener-1.0.2.tgz",
      "integrity": "sha1-j67SxBAIchzxEdodMNmVuFvkK+0=",
      "requires": {
        "object-assign": "4.1.1"
      }
    },
    "antd": {
      "version": "2.5.3",
      "resolved": "https://registry.npmjs.org/antd/-/antd-2.5.3.tgz",
      "integrity": "sha1-vacgZdiTL9jJ8XiJ/EBvkPKSz+I=",
      "requires": {
        "array-tree-filter": "1.0.1",
        "babel-runtime": "6.26.0",
        "classnames": "2.2.5",
        "css-animation": "1.4.1",
        "moment": "2.17.1",
        "object-assign": "4.1.1",
        "omit.js": "0.1.0",
        "rc-animate": "2.3.6",
        "rc-calendar": "7.5.3",
        "rc-cascader": "0.10.4",
        "rc-checkbox": "1.4.4",
        "rc-collapse": "1.6.12",
        "rc-dialog": "6.5.11",
        "rc-dropdown": "1.4.12",
        "rc-editor-mention": "0.3.9",
        "rc-form": "1.0.1",
        "rc-input-number": "2.8.9",
        "rc-menu": "5.0.13",
        "rc-notification": "1.3.6",
        "rc-pagination": "1.6.9",
        "rc-progress": "2.0.6",
        "rc-radio": "2.0.1",
        "rc-rate": "1.1.2",
        "rc-select": "6.6.11",
        "rc-slider": "5.4.3",
        "rc-steps": "2.2.4",
        "rc-switch": "1.4.4",
        "rc-table": "5.2.15",
        "rc-tabs": "7.1.1",
        "rc-time-picker": "2.2.2",
        "rc-tooltip": "3.4.9",
        "rc-tree": "1.4.8",
        "rc-tree-select": "1.8.8",
        "rc-upload": "2.3.8",
        "rc-util": "4.1.1",
        "react-lazy-load": "3.0.12",
        "react-slick": "0.14.11",
        "shallowequal": "0.2.2",
        "warning": "3.0.0"
      }
    },
    "array-tree-filter": {
      "version": "1.0.1",
      "resolved": "https://registry.npmjs.org/array-tree-filter/-/array-tree-filter-1.0.1.tgz",
      "integrity": "sha1-CorR7v04zoiFhjL5zAQj12NOTV0="
    },
    "asap": {
      "version": "2.0.6",
      "resolved": "https://registry.npmjs.org/asap/-/asap-2.0.6.tgz",
      "integrity": "sha1-5QNHYR1+aQlDIIu9r+vLwvuGbUY="
    },
    "async-validator": {
      "version": "1.6.9",
      "resolved": "https://registry.npmjs.org/async-validator/-/async-validator-1.6.9.tgz",
      "integrity": "sha1-qDCdqouDQhzb1GKOAm1quyUZLTQ="
    },
    "babel-runtime": {
      "version": "6.26.0",
      "resolved": "https://registry.npmjs.org/babel-runtime/-/babel-runtime-6.26.0.tgz",
      "integrity": "sha1-llxwWGaOgrVde/4E/yM3vItWR/4=",
      "requires": {
        "core-js": "2.5.1",
        "regenerator-runtime": "0.11.0"
      }
    },
    "browser-fingerprint": {
      "version": "0.0.1",
      "resolved": "https://registry.npmjs.org/browser-fingerprint/-/browser-fingerprint-0.0.1.tgz",
      "integrity": "sha1-jfPNyiW/fVs1QtYVRdcwBT/OYEo="
    },
    "can-use-dom": {
      "version": "0.1.0",
      "resolved": "https://registry.npmjs.org/can-use-dom/-/can-use-dom-0.1.0.tgz",
      "integrity": "sha1-IsxKNKCrxDlQ9CxkEQJKP2NmtFo="
    },
    "change-emitter": {
      "version": "0.1.6",
      "resolved": "https://registry.npmjs.org/change-emitter/-/change-emitter-0.1.6.tgz",
      "integrity": "sha1-6LL+PX8at9aaMhma/5HqaTFAlRU="
    },
    "classnames": {
      "version": "2.2.5",
      "resolved": "https://registry.npmjs.org/classnames/-/classnames-2.2.5.tgz",
      "integrity": "sha1-+zgB1FNGdknvNgPH1hoCvRKb3m0="
    },
    "clipboard": {
      "version": "1.5.12",
      "resolved": "https://registry.npmjs.org/clipboard/-/clipboard-1.5.12.tgz",
      "integrity": "sha1-NyhVC2NhNieyVhR4HWkPdax+5Ls=",
      "requires": {
        "good-listener": "1.2.2",
        "select": "1.1.2",
        "tiny-emitter": "1.2.0"
      }
    },
    "component-classes": {
      "version": "1.2.6",
      "resolved": "https://registry.npmjs.org/component-classes/-/component-classes-1.2.6.tgz",
      "integrity": "sha1-xkI5TDYYpNiwuJGe/Mu9kw5c1pE=",
      "requires": {
        "component-indexof": "0.0.3"
      }
    },
    "component-indexof": {
      "version": "0.0.3",
      "resolved": "https://registry.npmjs.org/component-indexof/-/component-indexof-0.0.3.tgz",
      "integrity": "sha1-EdCRMSI5648yyPJa6csAL/6NPCQ="
    },
    "core-js": {
      "version": "2.5.1",
      "resolved": "https://registry.npmjs.org/core-js/-/core-js-2.5.1.tgz",
      "integrity": "sha1-rmh03GaTd4m4B1T/VCjfZoGcpQs="
    },
    "create-react-class": {
      "version": "15.6.2",
      "resolved": "https://registry.npmjs.org/create-react-class/-/create-react-class-15.6.2.tgz",
      "integrity": "sha1-zx7RXxKq1/FO9fLf4F5sQvke8Co=",
      "requires": {
        "fbjs": "0.8.16",
        "loose-envify": "1.3.1",
        "object-assign": "4.1.1"
      }
    },
    "css-animation": {
      "version": "1.4.1",
      "resolved": "https://registry.npmjs.org/css-animation/-/css-animation-1.4.1.tgz",
      "integrity": "sha1-W4gTEl3g+7uwu+G0cq6EIhRpt6g=",
      "requires": {
        "babel-runtime": "6.26.0",
        "component-classes": "1.2.6"
      }
    },
    "cuid": {
      "version": "1.3.8",
      "resolved": "https://registry.npmjs.org/cuid/-/cuid-1.3.8.tgz",
      "integrity": "sha1-S4deCWm612T37AcGz0T1+wgx9rc=",
      "requires": {
        "browser-fingerprint": "0.0.1",
        "core-js": "1.2.7",
        "node-fingerprint": "0.0.2"
      },
      "dependencies": {
        "core-js": {
          "version": "1.2.7",
          "resolved": "https://registry.npmjs.org/core-js/-/core-js-1.2.7.tgz",
          "integrity": "sha1-ZSKUwUZR2yj6k70tX/KYOk8IxjY="
        }
      }
    },
    "damo-core": {
      "version": "0.0.2",
      "resolved": "https://registry.npmjs.org/damo-core/-/damo-core-0.0.2.tgz",
      "integrity": "sha512-ejqRcJ5nEs/In7KxH85Z3zxlVsyqesRnUxKVd38RrOYjpDSvWn/Wh6MGMYweoTYdZV165E5BJC05ipB8HpHaxQ==",
      "requires": {
        "async-validator": "1.8.1",
        "cuid": "1.3.8",
        "damo-redux": "0.0.1",
        "events": "1.1.1",
        "hoist-non-react-statics": "1.2.0",
        "isomorphic-fetch": "2.1.1",
        "react": "15.6.2",
        "react-addons-pure-render-mixin": "15.6.2",
        "react-dom": "15.6.2",
        "react-intl": "2.1.5",
        "react-mixin": "3.0.5",
        "react-redux": "4.4.8",
        "react-redux-loading-bar": "2.4.1",
        "react-router": "2.6.1",
        "react-router-redux": "4.0.8",
        "recompose": "0.20.2",
        "redux": "3.5.2",
        "redux-logger": "2.4.0",
        "redux-promise-middleware": "4.0.0",
        "redux-router": "2.1.2",
        "redux-thunk": "1.0.3",
        "reselect": "2.5.4",
        "rxjs": "5.0.0-beta.12",
        "seamless-immutable": "6.1.4"
      },
      "dependencies": {
        "async-validator": {
          "version": "1.8.1",
          "resolved": "https://registry.npmjs.org/async-validator/-/async-validator-1.8.1.tgz",
          "integrity": "sha1-ZmV4jKOSaa93Dl7gLw5VfyQ40so=",
          "requires": {
            "babel-runtime": "6.26.0"
          }
        },
        "isomorphic-fetch": {
          "version": "2.1.1",
          "resolved": "https://registry.npmjs.org/isomorphic-fetch/-/isomorphic-fetch-2.1.1.tgz",
          "integrity": "sha1-tXPzLIfHxh7BBrzvGM+P38NIlPo=",
          "requires": {
            "node-fetch": "1.7.3",
            "whatwg-fetch": "0.8.2"
          }
        },
        "whatwg-fetch": {
          "version": "0.8.2",
          "resolved": "https://registry.npmjs.org/whatwg-fetch/-/whatwg-fetch-0.8.2.tgz",
          "integrity": "sha1-NEQCGE71TMXAH1iAnyz2c3ucciI="
        }
      }
    },
    "damo-redux": {
      "version": "0.0.1",
      "resolved": "https://registry.npmjs.org/damo-redux/-/damo-redux-0.0.1.tgz",
      "integrity": "sha512-JOWlj7BQFBYI1CONjgUisqOK0GbsStwADAVLcPL4L0xKIBorQJYdzdf0pruUd5YkewYNGU8wAhv6Kpi6Qa08VA==",
      "requires": {
        "humps": "2.0.1",
        "normalizr": "3.2.4",
        "react": "15.6.2",
        "react-dom": "15.6.2",
        "react-redux": "4.4.8",
        "react-router": "2.6.1",
        "react-router-redux": "4.0.8",
        "redux-logger": "2.4.0",
        "redux-thunk": "1.0.3",
        "rxjs": "5.0.0-beta.12"
      }
    },
    "deep-equal": {
      "version": "1.0.1",
      "resolved": "https://registry.npmjs.org/deep-equal/-/deep-equal-1.0.1.tgz",
      "integrity": "sha1-9dJgKStmDghO/0zbyfCK0yR0SLU="
    },
    "delegate": {
      "version": "3.1.3",
      "resolved": "https://registry.npmjs.org/delegate/-/delegate-3.1.3.tgz",
      "integrity": "sha1-moJRp3fXAl+qVXN7w7BxdCEnqf0="
    },
    "disposables": {
      "version": "1.0.1",
      "resolved": "https://registry.npmjs.org/disposables/-/disposables-1.0.1.tgz",
      "integrity": "sha1-BkcnoltU9QK9griaot+4358bOeM="
    },
    "dnd-core": {
      "version": "2.5.4",
      "resolved": "https://registry.npmjs.org/dnd-core/-/dnd-core-2.5.4.tgz",
      "integrity": "sha512-BcI782MfTm3wCxeIS5c7tAutyTwEIANtuu3W6/xkoJRwiqhRXKX3BbGlycUxxyzMsKdvvoavxgrC3EMPFNYL9A==",
      "requires": {
        "asap": "2.0.6",
        "invariant": "2.2.2",
        "lodash": "4.17.4",
        "redux": "3.7.2"
      },
      "dependencies": {
        "redux": {
          "version": "3.7.2",
          "resolved": "https://registry.npmjs.org/redux/-/redux-3.7.2.tgz",
          "integrity": "sha512-pNqnf9q1hI5HHZRBkj3bAngGZW/JMCmexDlOxw4XagXY2o1327nHH54LoTjiPJ0gizoqPDRqWyX/00g0hD6w+A==",
          "requires": {
            "lodash": "4.17.4",
            "lodash-es": "4.17.4",
            "loose-envify": "1.3.1",
            "symbol-observable": "1.0.4"
          }
        }
      }
    },
    "dom-align": {
      "version": "1.6.5",
      "resolved": "https://registry.npmjs.org/dom-align/-/dom-align-1.6.5.tgz",
      "integrity": "sha512-f/JRwEZOv8Dfsv4yIy4s7LRNwmiD80PlnYSa9fJfLaYinUSjrChdNvDvXRZDX/+CKBZWCsPN1Co0aM38xy4RpA=="
    },
    "dom-scroll-into-view": {
      "version": "1.2.1",
      "resolved": "https://registry.npmjs.org/dom-scroll-into-view/-/dom-scroll-into-view-1.2.1.tgz",
      "integrity": "sha1-6PNnMt0ImwIBqI14Fdw/iObWbH4="
    },
    "draft-js": {
      "version": "0.9.1",
      "resolved": "https://registry.npmjs.org/draft-js/-/draft-js-0.9.1.tgz",
      "integrity": "sha1-lApRoK0f7eBBFna2QE9AUElfVPk=",
      "requires": {
        "fbjs": "0.8.16",
        "immutable": "3.7.6",
        "object-assign": "4.1.1"
      },
      "dependencies": {
        "immutable": {
          "version": "3.7.6",
          "resolved": "https://registry.npmjs.org/immutable/-/immutable-3.7.6.tgz",
          "integrity": "sha1-E7TTyxK++hVIKib+Gy665kAHHks="
        }
      }
    },
    "encoding": {
      "version": "0.1.12",
      "resolved": "https://registry.npmjs.org/encoding/-/encoding-0.1.12.tgz",
      "integrity": "sha1-U4tm8+5izRq1HsMjgp0flIDHS+s=",
      "requires": {
        "iconv-lite": "0.4.19"
      }
    },
    "enquire.js": {
      "version": "2.1.6",
      "resolved": "https://registry.npmjs.org/enquire.js/-/enquire.js-2.1.6.tgz",
      "integrity": "sha1-PoeAybi4NQhMP2DhZtvDwqPImBQ="
    },
    "eventlistener": {
      "version": "0.0.1",
      "resolved": "https://registry.npmjs.org/eventlistener/-/eventlistener-0.0.1.tgz",
      "integrity": "sha1-7Suqu4UiJ68rz4iRUscsY8pTLrg="
    },
    "events": {
      "version": "1.1.1",
      "resolved": "https://registry.npmjs.org/events/-/events-1.1.1.tgz",
      "integrity": "sha1-nr23Y1rQmccNzEwqH1AEKI6L2SQ="
    },
    "fbjs": {
      "version": "0.8.16",
      "resolved": "https://registry.npmjs.org/fbjs/-/fbjs-0.8.16.tgz",
      "integrity": "sha1-XmdDL1UNxBtXK/VYR7ispk5TN9s=",
      "requires": {
        "core-js": "1.2.7",
        "isomorphic-fetch": "2.2.1",
        "loose-envify": "1.3.1",
        "object-assign": "4.1.1",
        "promise": "7.3.1",
        "setimmediate": "1.0.5",
        "ua-parser-js": "0.7.17"
      },
      "dependencies": {
        "core-js": {
          "version": "1.2.7",
          "resolved": "https://registry.npmjs.org/core-js/-/core-js-1.2.7.tgz",
          "integrity": "sha1-ZSKUwUZR2yj6k70tX/KYOk8IxjY="
        }
      }
    },
    "good-listener": {
      "version": "1.2.2",
      "resolved": "https://registry.npmjs.org/good-listener/-/good-listener-1.2.2.tgz",
      "integrity": "sha1-1TswzfkxPf+33JoNR3CWqm0UXFA=",
      "requires": {
        "delegate": "3.1.3"
      }
    },
    "hammerjs": {
      "version": "2.0.8",
      "resolved": "https://registry.npmjs.org/hammerjs/-/hammerjs-2.0.8.tgz",
      "integrity": "sha1-BO93hiz/K7edMPdpIJWTAiK/YPE="
    },
    "history": {
      "version": "1.17.0",
      "resolved": "https://registry.npmjs.org/history/-/history-1.17.0.tgz",
      "integrity": "sha1-xUg8qlodH+oAoafY0ZuHQBZxHSk=",
      "requires": {
        "deep-equal": "1.0.1",
        "invariant": "2.2.2",
        "query-string": "3.0.3",
        "warning": "2.1.0"
      },
      "dependencies": {
        "warning": {
          "version": "2.1.0",
          "resolved": "https://registry.npmjs.org/warning/-/warning-2.1.0.tgz",
          "integrity": "sha1-ISINnGOvx3qMkhEeARr3Bc4MaQE=",
          "requires": {
            "loose-envify": "1.3.1"
          }
        }
      }
    },
    "hoist-non-react-statics": {
      "version": "1.2.0",
      "resolved": "https://registry.npmjs.org/hoist-non-react-statics/-/hoist-non-react-statics-1.2.0.tgz",
      "integrity": "sha1-qkSM8JhtVcxAdzsXF0t90GbLfPs="
    },
    "humps": {
      "version": "2.0.1",
      "resolved": "https://registry.npmjs.org/humps/-/humps-2.0.1.tgz",
      "integrity": "sha1-3QLqYIG9BWjcXQcxhEY5V7qe+ao="
    },
    "iconv-lite": {
      "version": "0.4.19",
      "resolved": "https://registry.npmjs.org/iconv-lite/-/iconv-lite-0.4.19.tgz",
      "integrity": "sha512-oTZqweIP51xaGPI4uPa56/Pri/480R+mo7SeU+YETByQNhDG55ycFyNLIgta9vXhILrxXDmF7ZGhqZIcuN0gJQ=="
    },
    "immutable": {
      "version": "3.8.2",
      "resolved": "https://registry.npmjs.org/immutable/-/immutable-3.8.2.tgz",
      "integrity": "sha1-wkOZUUVbs5kT2vKBN28VMOEErfM="
    },
    "intl-format-cache": {
      "version": "2.0.5",
      "resolved": "https://registry.npmjs.org/intl-format-cache/-/intl-format-cache-2.0.5.tgz",
      "integrity": "sha1-tITO/Lk1PzdPJd44mjzuoa8Y18k="
    },
    "intl-messageformat": {
      "version": "1.3.0",
      "resolved": "https://registry.npmjs.org/intl-messageformat/-/intl-messageformat-1.3.0.tgz",
      "integrity": "sha1-99kmre16OrGbLcYB79VOmaS9Tq4=",
      "requires": {
        "intl-messageformat-parser": "1.2.0"
      }
    },
    "intl-messageformat-parser": {
      "version": "1.2.0",
      "resolved": "https://registry.npmjs.org/intl-messageformat-parser/-/intl-messageformat-parser-1.2.0.tgz",
      "integrity": "sha1-WQa3+VOrdHDg3IVJCXtki5kYkv8="
    },
    "intl-relativeformat": {
      "version": "1.3.0",
      "resolved": "https://registry.npmjs.org/intl-relativeformat/-/intl-relativeformat-1.3.0.tgz",
      "integrity": "sha1-iT3HB2/M04DPCRojAMOA+les5Fs=",
      "requires": {
        "intl-messageformat": "1.3.0"
      }
    },
    "invariant": {
      "version": "2.2.2",
      "resolved": "https://registry.npmjs.org/invariant/-/invariant-2.2.2.tgz",
      "integrity": "sha1-nh9WrArNtr8wMwbzOL47IErmA2A=",
      "requires": {
        "loose-envify": "1.3.1"
      }
    },
    "is-stream": {
      "version": "1.1.0",
      "resolved": "https://registry.npmjs.org/is-stream/-/is-stream-1.1.0.tgz",
      "integrity": "sha1-EtSj3U5o4Lec6428hBc66A2RykQ="
    },
    "isomorphic-fetch": {
      "version": "2.2.1",
      "resolved": "https://registry.npmjs.org/isomorphic-fetch/-/isomorphic-fetch-2.2.1.tgz",
      "integrity": "sha1-YRrhrPFPXoH3KVB0coGf6XM1WKk=",
      "requires": {
        "node-fetch": "1.7.3",
        "whatwg-fetch": "2.0.3"
      }
    },
    "js-tokens": {
      "version": "3.0.2",
      "resolved": "https://registry.npmjs.org/js-tokens/-/js-tokens-3.0.2.tgz",
      "integrity": "sha1-mGbfOVECEw449/mWvOtlRDIJwls="
    },
    "json2mq": {
      "version": "0.2.0",
      "resolved": "https://registry.npmjs.org/json2mq/-/json2mq-0.2.0.tgz",
      "integrity": "sha1-tje9O6nqvhIsg+lyBIOusQ0skEo=",
      "requires": {
        "string-convert": "0.2.1"
      }
    },
    "lodash": {
      "version": "4.17.4",
      "resolved": "https://registry.npmjs.org/lodash/-/lodash-4.17.4.tgz",
      "integrity": "sha1-eCA6TRwyiuHYbcpkYONptX9AVa4="
    },
    "lodash-es": {
      "version": "4.17.4",
      "resolved": "https://registry.npmjs.org/lodash-es/-/lodash-es-4.17.4.tgz",
      "integrity": "sha1-3MHXVS4VCgZABzupyzHXDwMpUOc="
    },
    "lodash._getnative": {
      "version": "3.9.1",
      "resolved": "https://registry.npmjs.org/lodash._getnative/-/lodash._getnative-3.9.1.tgz",
      "integrity": "sha1-VwvH3t5G1hzc3mh9ZdPuy6o6r/U="
    },
    "lodash.debounce": {
      "version": "4.0.8",
      "resolved": "https://registry.npmjs.org/lodash.debounce/-/lodash.debounce-4.0.8.tgz",
      "integrity": "sha1-gteb/zCmfEAF/9XiUVMArZyk168="
    },
    "lodash.get": {
      "version": "4.4.2",
      "resolved": "https://registry.npmjs.org/lodash.get/-/lodash.get-4.4.2.tgz",
      "integrity": "sha1-LRd/ZS+jHpObRDjVNBSZ36OCXpk="
    },
    "lodash.isarguments": {
      "version": "3.1.0",
      "resolved": "https://registry.npmjs.org/lodash.isarguments/-/lodash.isarguments-3.1.0.tgz",
      "integrity": "sha1-L1c9hcaiQon/AGY7SRwdM4/zRYo="
    },
    "lodash.isarray": {
      "version": "3.0.4",
      "resolved": "https://registry.npmjs.org/lodash.isarray/-/lodash.isarray-3.0.4.tgz",
      "integrity": "sha1-eeTriMNqgSKvhvhEqpvNhRtfu1U="
    },
    "lodash.keys": {
      "version": "3.1.2",
      "resolved": "https://registry.npmjs.org/lodash.keys/-/lodash.keys-3.1.2.tgz",
      "integrity": "sha1-TbwEcrFWvlCgsoaFXRvQsMZWCYo=",
      "requires": {
        "lodash._getnative": "3.9.1",
        "lodash.isarguments": "3.1.0",
        "lodash.isarray": "3.0.4"
      }
    },
    "lodash.throttle": {
      "version": "4.1.1",
      "resolved": "https://registry.npmjs.org/lodash.throttle/-/lodash.throttle-4.1.1.tgz",
      "integrity": "sha1-wj6RtxAkKscMN/HhzaknTMOb8vQ="
    },
    "loose-envify": {
      "version": "1.3.1",
      "resolved": "https://registry.npmjs.org/loose-envify/-/loose-envify-1.3.1.tgz",
      "integrity": "sha1-0aitM/qc4OcT1l/dCsi3SNR4yEg=",
      "requires": {
        "js-tokens": "3.0.2"
      }
    },
    "moment": {
      "version": "2.17.1",
      "resolved": "https://registry.npmjs.org/moment/-/moment-2.17.1.tgz",
      "integrity": "sha1-/tlQYGPzaxDwZsi1mhRNf66+HYI="
    },
    "node-fetch": {
      "version": "1.7.3",
      "resolved": "https://registry.npmjs.org/node-fetch/-/node-fetch-1.7.3.tgz",
      "integrity": "sha512-NhZ4CsKx7cYm2vSrBAr2PvFOe6sWDf0UYLRqA6svUYg7+/TSfVAu49jYC4BvQ4Sms9SZgdqGBgroqfDhJdTyKQ==",
      "requires": {
        "encoding": "0.1.12",
        "is-stream": "1.1.0"
      }
    },
    "node-fingerprint": {
      "version": "0.0.2",
      "resolved": "https://registry.npmjs.org/node-fingerprint/-/node-fingerprint-0.0.2.tgz",
      "integrity": "sha1-Mcur63GmeufdWn3AQuUcPHWGhQE="
    },
    "normalizr": {
      "version": "3.2.4",
      "resolved": "https://registry.npmjs.org/normalizr/-/normalizr-3.2.4.tgz",
      "integrity": "sha1-Fqr8VAypncEGDOqhkzVWMi6sRCk="
    },
    "object-assign": {
      "version": "4.1.1",
      "resolved": "https://registry.npmjs.org/object-assign/-/object-assign-4.1.1.tgz",
      "integrity": "sha1-IQmtx5ZYh8/AXLvUQsrIv7s2CGM="
    },
    "omit.js": {
      "version": "0.1.0",
      "resolved": "https://registry.npmjs.org/omit.js/-/omit.js-0.1.0.tgz",
      "integrity": "sha1-l4aiGm1sMW+jW7FOcQHu7iHFIEQ=",
      "requires": {
        "object-assign": "4.1.1"
      }
    },
    "promise": {
      "version": "7.3.1",
      "resolved": "https://registry.npmjs.org/promise/-/promise-7.3.1.tgz",
      "integrity": "sha512-nolQXZ/4L+bP/UGlkfaIujX9BKxGwmQ9OT4mOt5yvy8iK1h3wqTEJCijzGANTCCl9nWjY41juyAn2K3Q1hLLTg==",
      "requires": {
        "asap": "2.0.6"
      }
    },
    "prop-types": {
      "version": "15.6.0",
      "resolved": "https://registry.npmjs.org/prop-types/-/prop-types-15.6.0.tgz",
      "integrity": "sha1-zq8IMCL8RrSjX2nhPvda7Q1jmFY=",
      "requires": {
        "fbjs": "0.8.16",
        "loose-envify": "1.3.1",
        "object-assign": "4.1.1"
      }
    },
    "query-string": {
      "version": "3.0.3",
      "resolved": "https://registry.npmjs.org/query-string/-/query-string-3.0.3.tgz",
      "integrity": "sha1-ri4UtNBQcdTpuetIc8NbDc1C5jg=",
      "requires": {
        "strict-uri-encode": "1.1.0"
      }
    },
    "rc-align": {
      "version": "2.3.4",
      "resolved": "https://registry.npmjs.org/rc-align/-/rc-align-2.3.4.tgz",
      "integrity": "sha1-2Dvat1YPAULnKj3h1JXatroiUkk=",
      "requires": {
        "dom-align": "1.6.5",
        "prop-types": "15.6.0",
        "rc-util": "4.1.1"
      }
    },
    "rc-animate": {
      "version": "2.3.6",
      "resolved": "https://registry.npmjs.org/rc-animate/-/rc-animate-2.3.6.tgz",
      "integrity": "sha1-QXeigixnrfT9W5CM66fO6NE8H6w=",
      "requires": {
        "css-animation": "1.4.1",
        "prop-types": "15.6.0"
      }
    },
    "rc-calendar": {
      "version": "7.5.3",
      "resolved": "https://registry.npmjs.org/rc-calendar/-/rc-calendar-7.5.3.tgz",
      "integrity": "sha1-m1J4msbXUvL/2cnUxHIzQhI5B0Y=",
      "requires": {
        "babel-runtime": "6.26.0",
        "classnames": "2.2.5",
        "moment": "2.17.1",
        "rc-trigger": "1.11.4",
        "rc-util": "3.4.1"
      },
      "dependencies": {
        "rc-util": {
          "version": "3.4.1",
          "resolved": "https://registry.npmjs.org/rc-util/-/rc-util-3.4.1.tgz",
          "integrity": "sha1-S34LDHWTvbz/jtBF2I+7x3OnsGE=",
          "requires": {
            "add-dom-event-listener": "1.0.2",
            "classnames": "2.2.5",
            "shallowequal": "0.2.2"
          }
        }
      }
    },
    "rc-cascader": {
      "version": "0.10.4",
      "resolved": "https://registry.npmjs.org/rc-cascader/-/rc-cascader-0.10.4.tgz",
      "integrity": "sha1-9x3+R0QVnA2VP5X09er0KP+LW8U=",
      "requires": {
        "array-tree-filter": "1.0.1",
        "rc-trigger": "1.11.4"
      }
    },
    "rc-checkbox": {
      "version": "1.4.4",
      "resolved": "https://registry.npmjs.org/rc-checkbox/-/rc-checkbox-1.4.4.tgz",
      "integrity": "sha1-EtKTK2tiiVMADnZMaPBGXcgaBS0=",
      "requires": {
        "classnames": "2.2.5",
        "rc-util": "4.1.1"
      }
    },
    "rc-collapse": {
      "version": "1.6.12",
      "resolved": "https://registry.npmjs.org/rc-collapse/-/rc-collapse-1.6.12.tgz",
      "integrity": "sha1-TrOoZs3up+6pli6Acuy78AJfQns=",
      "requires": {
        "classnames": "2.2.5",
        "css-animation": "1.4.1",
        "rc-animate": "2.3.6"
      }
    },
    "rc-dialog": {
      "version": "6.5.11",
      "resolved": "https://registry.npmjs.org/rc-dialog/-/rc-dialog-6.5.11.tgz",
      "integrity": "sha512-FGifsGYvCO8vZQ6SBezXUf60JZ2wa2tHv+qLnUPA7HJaR52v4l4pVwQJgdbNiE3lvveH0Qq4x6C9ZQjTAK5SVA==",
      "requires": {
        "babel-runtime": "6.26.0",
        "create-react-class": "15.6.2",
        "object-assign": "4.1.1",
        "rc-animate": "2.3.6",
        "rc-util": "4.1.1"
      }
    },
    "rc-dropdown": {
      "version": "1.4.12",
      "resolved": "https://registry.npmjs.org/rc-dropdown/-/rc-dropdown-1.4.12.tgz",
      "integrity": "sha1-At6p9z+leTAFhrhpEwqiv5Ve5zM=",
      "requires": {
        "prop-types": "15.6.0",
        "rc-trigger": "1.11.4"
      }
    },
    "rc-editor-core": {
      "version": "0.5.11",
      "resolved": "https://registry.npmjs.org/rc-editor-core/-/rc-editor-core-0.5.11.tgz",
      "integrity": "sha1-im1IuUdg8U1fJem+jGau2RU68jM=",
      "requires": {
        "classnames": "2.2.5",
        "draft-js": "0.9.1",
        "immutable": "3.8.2",
        "rc-editor-plugin-image": "0.0.3"
      }
    },
    "rc-editor-mention": {
      "version": "0.3.9",
      "resolved": "https://registry.npmjs.org/rc-editor-mention/-/rc-editor-mention-0.3.9.tgz",
      "integrity": "sha1-cqxoiW5QcX8D3x2iVsImvlbKLjU=",
      "requires": {
        "classnames": "2.2.5",
        "dom-scroll-into-view": "1.2.1",
        "draft-js": "0.9.1",
        "immutable": "3.8.2",
        "rc-animate": "2.3.6",
        "rc-editor-core": "0.5.11"
      }
    },
    "rc-editor-plugin-image": {
      "version": "0.0.3",
      "resolved": "https://registry.npmjs.org/rc-editor-plugin-image/-/rc-editor-plugin-image-0.0.3.tgz",
      "integrity": "sha1-RPb7WR6zA4dAxSb6Ew7rY+KJCGs=",
      "requires": {
        "classnames": "2.2.5",
        "rc-dialog": "6.5.11",
        "rc-editor-core": "0.5.11",
        "rc-trigger": "1.11.4",
        "rc-upload": "2.3.8",
        "react-resizable": "1.7.5"
      }
    },
    "rc-form": {
      "version": "1.0.1",
      "resolved": "https://registry.npmjs.org/rc-form/-/rc-form-1.0.1.tgz",
      "integrity": "sha1-8RhqYniVcBx+v+C1+OQgYkbhMrw=",
      "requires": {
        "async-validator": "1.6.9",
        "babel-runtime": "6.26.0",
        "dom-scroll-into-view": "1.2.1",
        "hoist-non-react-statics": "1.2.0",
        "warning": "3.0.0"
      }
    },
    "rc-input-number": {
      "version": "2.8.9",
      "resolved": "https://registry.npmjs.org/rc-input-number/-/rc-input-number-2.8.9.tgz",
      "integrity": "sha1-hxHiMcU8O7nPMa9sTWsg6wOqDw4=",
      "requires": {
        "babel-runtime": "6.26.0",
        "classnames": "2.2.5",
        "rc-touchable": "1.2.3"
      }
    },
    "rc-menu": {
      "version": "5.0.13",
      "resolved": "https://registry.npmjs.org/rc-menu/-/rc-menu-5.0.13.tgz",
      "integrity": "sha512-XX3269wfHzLkcdWMGJNoKN1yGyDUd9ebF/hz7ytMlSct5QrSU4AFYamq3M8Ust7LOCo6AiX/ZbN2rVUZVXYiTg==",
      "requires": {
        "babel-runtime": "6.26.0",
        "classnames": "2.2.5",
        "create-react-class": "15.6.2",
        "dom-scroll-into-view": "1.2.1",
        "prop-types": "15.6.0",
        "rc-animate": "2.3.6",
        "rc-util": "4.1.1"
      }
    },
    "rc-notification": {
      "version": "1.3.6",
      "resolved": "https://registry.npmjs.org/rc-notification/-/rc-notification-1.3.6.tgz",
      "integrity": "sha1-MeE73BYbteh8/us8V3Ba+gqlmSE=",
      "requires": {
        "classnames": "2.2.5",
        "rc-animate": "2.3.6",
        "rc-util": "3.4.1"
      },
      "dependencies": {
        "rc-util": {
          "version": "3.4.1",
          "resolved": "https://registry.npmjs.org/rc-util/-/rc-util-3.4.1.tgz",
          "integrity": "sha1-S34LDHWTvbz/jtBF2I+7x3OnsGE=",
          "requires": {
            "add-dom-event-listener": "1.0.2",
            "classnames": "2.2.5",
            "shallowequal": "0.2.2"
          }
        }
      }
    },
    "rc-pagination": {
      "version": "1.6.9",
      "resolved": "https://registry.npmjs.org/rc-pagination/-/rc-pagination-1.6.9.tgz",
      "integrity": "sha1-f4UgqecQjxpXWjve9wEr5bUiDQI="
    },
    "rc-progress": {
      "version": "2.0.6",
      "resolved": "https://registry.npmjs.org/rc-progress/-/rc-progress-2.0.6.tgz",
      "integrity": "sha1-eZr1A5BDMNNRhKsA1h6/y8AFxIY="
    },
    "rc-radio": {
      "version": "2.0.1",
      "resolved": "https://registry.npmjs.org/rc-radio/-/rc-radio-2.0.1.tgz",
      "integrity": "sha1-yNyT6d94kd4pTRsm01LpeOGobV8=",
      "requires": {
        "rc-checkbox": "1.4.4"
      }
    },
    "rc-rate": {
      "version": "1.1.2",
      "resolved": "https://registry.npmjs.org/rc-rate/-/rc-rate-1.1.2.tgz",
      "integrity": "sha1-l3Bu8GFbWg9O6HOJinQ6TXIp9XQ="
    },
    "rc-select": {
      "version": "6.6.11",
      "resolved": "https://registry.npmjs.org/rc-select/-/rc-select-6.6.11.tgz",
      "integrity": "sha1-b63eSH1ixS+EEv7z/Xp/TGE7XC0=",
      "requires": {
        "babel-runtime": "6.26.0",
        "classnames": "2.2.5",
        "component-classes": "1.2.6",
        "dom-scroll-into-view": "1.2.1",
        "rc-animate": "2.3.6",
        "rc-menu": "5.0.13",
        "rc-trigger": "1.11.4",
        "rc-util": "4.1.1",
        "warning": "2.1.0"
      },
      "dependencies": {
        "warning": {
          "version": "2.1.0",
          "resolved": "https://registry.npmjs.org/warning/-/warning-2.1.0.tgz",
          "integrity": "sha1-ISINnGOvx3qMkhEeARr3Bc4MaQE=",
          "requires": {
            "loose-envify": "1.3.1"
          }
        }
      }
    },
    "rc-slider": {
      "version": "5.4.3",
      "resolved": "https://registry.npmjs.org/rc-slider/-/rc-slider-5.4.3.tgz",
      "integrity": "sha1-tLkxgfVzmBEjA0BLFngkQ3cbJ50=",
      "requires": {
        "babel-runtime": "6.26.0",
        "classnames": "2.2.5",
        "rc-tooltip": "3.4.9",
        "rc-util": "4.1.1",
        "warning": "3.0.0"
      }
    },
    "rc-steps": {
      "version": "2.2.4",
      "resolved": "https://registry.npmjs.org/rc-steps/-/rc-steps-2.2.4.tgz",
      "integrity": "sha1-8WMOLRPlsYEL2Wa+1BPFKsU5Us8=",
      "requires": {
        "classnames": "2.2.5"
      }
    },
    "rc-switch": {
      "version": "1.4.4",
      "resolved": "https://registry.npmjs.org/rc-switch/-/rc-switch-1.4.4.tgz",
      "integrity": "sha1-/fCErJHwJn+Ci9uUuyCMof6JgVs=",
      "requires": {
        "classnames": "2.2.5",
        "prop-types": "15.6.0"
      }
    },
    "rc-table": {
      "version": "5.2.15",
      "resolved": "https://registry.npmjs.org/rc-table/-/rc-table-5.2.15.tgz",
      "integrity": "sha1-plIbpo1mCwI+mFT4H//deoAGXiI=",
      "requires": {
        "component-classes": "1.2.6",
        "lodash.get": "4.4.2",
        "rc-util": "4.1.1",
        "shallowequal": "0.2.2",
        "warning": "3.0.0"
      }
    },
    "rc-tabs": {
      "version": "7.1.1",
      "resolved": "https://registry.npmjs.org/rc-tabs/-/rc-tabs-7.1.1.tgz",
      "integrity": "sha1-x9D3bWRGWwa/KWjpJFaUcm0rlis=",
      "requires": {
        "babel-runtime": "6.26.0",
        "classnames": "2.2.5",
        "react-hammerjs": "0.5.0"
      }
    },
    "rc-time-picker": {
      "version": "2.2.2",
      "resolved": "https://registry.npmjs.org/rc-time-picker/-/rc-time-picker-2.2.2.tgz",
      "integrity": "sha1-D7x0acVhl6VN9McAZXtHs0wn5dU=",
      "requires": {
        "babel-runtime": "6.26.0",
        "classnames": "2.2.5",
        "moment": "2.17.1",
        "rc-trigger": "1.11.4"
      }
    },
    "rc-tooltip": {
      "version": "3.4.9",
      "resolved": "https://registry.npmjs.org/rc-tooltip/-/rc-tooltip-3.4.9.tgz",
      "integrity": "sha512-D9VFsy+0sB6s3zZ/DSTI+AJB106mOrRVTw3IXwF1mMhjHaCvEO+CGzHcTfyj9k6tY+5c4E+fd+r2g4DnkjgSNg==",
      "requires": {
        "babel-runtime": "6.26.0",
        "prop-types": "15.6.0",
        "rc-trigger": "1.11.4"
      }
    },
    "rc-touchable": {
      "version": "1.2.3",
      "resolved": "https://registry.npmjs.org/rc-touchable/-/rc-touchable-1.2.3.tgz",
      "integrity": "sha1-X0mDJOPQubpgGpxINJWOqixxNhg=",
      "requires": {
        "babel-runtime": "6.26.0"
      }
    },
    "rc-tree": {
      "version": "1.4.8",
      "resolved": "https://registry.npmjs.org/rc-tree/-/rc-tree-1.4.8.tgz",
      "integrity": "sha1-J+xlMZlgBW43KoJAzfB9qeD6v34=",
      "requires": {
        "classnames": "2.2.5",
        "object-assign": "4.1.1",
        "prop-types": "15.6.0",
        "rc-animate": "2.3.6",
        "rc-util": "4.1.1"
      }
    },
    "rc-tree-select": {
      "version": "1.8.8",
      "resolved": "https://registry.npmjs.org/rc-tree-select/-/rc-tree-select-1.8.8.tgz",
      "integrity": "sha512-o0EuNCtAaFzLbv6hBfELsJP76MiIdtGjblqmPJh2RaZx+ydnFn46MoK6MkC+dLVHMV5L0e6QDxpE6c0OVwHiSA==",
      "requires": {
        "classnames": "2.2.5",
        "object-assign": "4.1.1",
        "rc-animate": "2.3.6",
        "rc-tree": "1.4.8",
        "rc-trigger": "1.11.4",
        "rc-util": "3.4.1"
      },
      "dependencies": {
        "rc-util": {
          "version": "3.4.1",
          "resolved": "https://registry.npmjs.org/rc-util/-/rc-util-3.4.1.tgz",
          "integrity": "sha1-S34LDHWTvbz/jtBF2I+7x3OnsGE=",
          "requires": {
            "add-dom-event-listener": "1.0.2",
            "classnames": "2.2.5",
            "shallowequal": "0.2.2"
          }
        }
      }
    },
    "rc-trigger": {
      "version": "1.11.4",
      "resolved": "https://registry.npmjs.org/rc-trigger/-/rc-trigger-1.11.4.tgz",
      "integrity": "sha512-Yz76ldvFkr+4BhSrInuTozdwrANRevyxnP52Ke3wFEIa6N3/ZTVCt5yC7+NAJZ+iZqiRzp1Gu3wlGyYAuiC14w==",
      "requires": {
        "babel-runtime": "6.26.0",
        "create-react-class": "15.6.2",
        "prop-types": "15.6.0",
        "rc-align": "2.3.4",
        "rc-animate": "2.3.6",
        "rc-util": "4.1.1"
      }
    },
    "rc-upload": {
      "version": "2.3.8",
      "resolved": "https://registry.npmjs.org/rc-upload/-/rc-upload-2.3.8.tgz",
      "integrity": "sha512-R3NB6NcY5L41O/LNLpklrJ5vxTSwdqto72UgJ5ZHFF900Zmm3DrTc8TKWbL7qqcvV69oKsrB3xVR3x07XmtigA==",
      "requires": {
        "babel-runtime": "6.26.0",
        "classnames": "2.2.5",
        "prop-types": "15.6.0",
        "warning": "2.1.0"
      },
      "dependencies": {
        "warning": {
          "version": "2.1.0",
          "resolved": "https://registry.npmjs.org/warning/-/warning-2.1.0.tgz",
          "integrity": "sha1-ISINnGOvx3qMkhEeARr3Bc4MaQE=",
          "requires": {
            "loose-envify": "1.3.1"
          }
        }
      }
    },
    "rc-util": {
      "version": "4.1.1",
      "resolved": "https://registry.npmjs.org/rc-util/-/rc-util-4.1.1.tgz",
      "integrity": "sha512-XmTNkQWt39uvBcNfR75Ps6nAoXb298Sj93UYPRXvMrkSt16H4SDMmtvPdVHpdi2yKQhVJD4ScEyKo9wwLPKuMA==",
      "requires": {
        "add-dom-event-listener": "1.0.2",
        "babel-runtime": "6.26.0",
        "prop-types": "15.6.0",
        "shallowequal": "0.2.2"
      }
    },
    "react": {
      "version": "15.6.2",
      "resolved": "https://registry.npmjs.org/react/-/react-15.6.2.tgz",
      "integrity": "sha1-26BDSrQ5z+gvEI8PURZjkIF5qnI=",
      "requires": {
        "create-react-class": "15.6.2",
        "fbjs": "0.8.16",
        "loose-envify": "1.3.1",
        "object-assign": "4.1.1",
        "prop-types": "15.6.0"
      }
    },
    "react-addons-pure-render-mixin": {
      "version": "15.6.2",
      "resolved": "https://registry.npmjs.org/react-addons-pure-render-mixin/-/react-addons-pure-render-mixin-15.6.2.tgz",
      "integrity": "sha1-a4P0C2s27kBzXL1hJes/E84c3ck=",
      "requires": {
        "fbjs": "0.8.16",
        "object-assign": "4.1.1"
      }
    },
    "react-dnd": {
      "version": "2.1.4",
      "resolved": "https://registry.npmjs.org/react-dnd/-/react-dnd-2.1.4.tgz",
      "integrity": "sha1-3Sr+3d3V/0UH15WlvUQ2HIQ3TA8=",
      "requires": {
        "disposables": "1.0.1",
        "dnd-core": "2.5.4",
        "invariant": "2.2.2",
        "lodash": "4.17.4"
      }
    },
    "react-dnd-html5-backend": {
      "version": "2.1.2",
      "resolved": "https://registry.npmjs.org/react-dnd-html5-backend/-/react-dnd-html5-backend-2.1.2.tgz",
      "integrity": "sha1-vP9YZmKcM1sxCxBi/mU3rzUHPGY=",
      "requires": {
        "lodash": "4.17.4"
      }
    },
    "react-dom": {
      "version": "15.6.2",
      "resolved": "https://registry.npmjs.org/react-dom/-/react-dom-15.6.2.tgz",
      "integrity": "sha1-Qc+t9pO3V/rycIRDodH9WgK+9zA=",
      "requires": {
        "fbjs": "0.8.16",
        "loose-envify": "1.3.1",
        "object-assign": "4.1.1",
        "prop-types": "15.6.0"
      }
    },
    "react-draggable": {
      "version": "3.0.3",
      "resolved": "https://registry.npmjs.org/react-draggable/-/react-draggable-3.0.3.tgz",
      "integrity": "sha512-ekb3dKvZFC6QaBNBpAWwGk9aoaDPkSVkrZl/LEU92THoX72Pv6uQ2ZpfYjmBrbrTQcAYmuUAkp9pHJ7j8FUYJA==",
      "requires": {
        "classnames": "2.2.5",
        "prop-types": "15.6.0"
      }
    },
    "react-hammerjs": {
      "version": "0.5.0",
      "resolved": "https://registry.npmjs.org/react-hammerjs/-/react-hammerjs-0.5.0.tgz",
      "integrity": "sha1-qiDlxfRNZg8+joftESgvEhc+d64=",
      "requires": {
        "hammerjs": "2.0.8"
      }
    },
    "react-intl": {
      "version": "2.1.5",
      "resolved": "https://registry.npmjs.org/react-intl/-/react-intl-2.1.5.tgz",
      "integrity": "sha1-+Xleo0t5DctdDY73Bg3dvoW/h2M=",
      "requires": {
        "intl-format-cache": "2.0.5",
        "intl-messageformat": "1.3.0",
        "intl-relativeformat": "1.3.0",
        "invariant": "2.2.2"
      }
    },
    "react-lazy-load": {
      "version": "3.0.12",
      "resolved": "https://registry.npmjs.org/react-lazy-load/-/react-lazy-load-3.0.12.tgz",
      "integrity": "sha1-K4Qd/DIn6BGdAzGJ0slgzjhNDLk=",
      "requires": {
        "eventlistener": "0.0.1",
        "lodash.debounce": "4.0.8",
        "lodash.throttle": "4.1.1",
        "prop-types": "15.6.0"
      }
    },
    "react-mixin": {
      "version": "3.0.5",
      "resolved": "https://registry.npmjs.org/react-mixin/-/react-mixin-3.0.5.tgz",
      "integrity": "sha1-4Le2cT/cndxCkmffgItqxRhMZwY=",
      "requires": {
        "object-assign": "4.1.1",
        "smart-mixin": "2.0.0"
      }
    },
    "react-redux": {
      "version": "4.4.8",
      "resolved": "https://registry.npmjs.org/react-redux/-/react-redux-4.4.8.tgz",
      "integrity": "sha1-57wd0QDotk6WrIIS2xEyObni4I8=",
      "requires": {
        "create-react-class": "15.6.2",
        "hoist-non-react-statics": "1.2.0",
        "invariant": "2.2.2",
        "lodash": "4.17.4",
        "loose-envify": "1.3.1",
        "prop-types": "15.6.0"
      }
    },
    "react-redux-loading-bar": {
      "version": "2.4.1",
      "resolved": "https://registry.npmjs.org/react-redux-loading-bar/-/react-redux-loading-bar-2.4.1.tgz",
      "integrity": "sha1-jfZNs2LwZbVFP7u3N5pc9iRAEpo="
    },
    "react-resizable": {
      "version": "1.7.5",
      "resolved": "https://registry.npmjs.org/react-resizable/-/react-resizable-1.7.5.tgz",
      "integrity": "sha512-lauPcBsLqmxMHXHpTeOBpYenGalbSikYr8hK+lwtNYMQX1pGd2iYE+pDvZEV97nCnzuCtWM9htp7OpsBIY2Sjw==",
      "requires": {
        "prop-types": "15.6.0",
        "react-draggable": "3.0.3"
      }
    },
    "react-router": {
      "version": "2.6.1",
      "resolved": "https://registry.npmjs.org/react-router/-/react-router-2.6.1.tgz",
      "integrity": "sha1-4EVNZr1hsSPZTbco+O0z2ZCL4iY=",
      "requires": {
        "history": "2.1.2",
        "hoist-non-react-statics": "1.2.0",
        "invariant": "2.2.2",
        "loose-envify": "1.3.1",
        "warning": "3.0.0"
      },
      "dependencies": {
        "history": {
          "version": "2.1.2",
          "resolved": "https://registry.npmjs.org/history/-/history-2.1.2.tgz",
          "integrity": "sha1-SqLeiXoOSGfkU5hDvm7Nsphr/ew=",
          "requires": {
            "deep-equal": "1.0.1",
            "invariant": "2.2.2",
            "query-string": "3.0.3",
            "warning": "2.1.0"
          },
          "dependencies": {
            "warning": {
              "version": "2.1.0",
              "resolved": "https://registry.npmjs.org/warning/-/warning-2.1.0.tgz",
              "integrity": "sha1-ISINnGOvx3qMkhEeARr3Bc4MaQE=",
              "requires": {
                "loose-envify": "1.3.1"
              }
            }
          }
        }
      }
    },
    "react-router-redux": {
      "version": "4.0.8",
      "resolved": "https://registry.npmjs.org/react-router-redux/-/react-router-redux-4.0.8.tgz",
      "integrity": "sha1-InQDWWtRUeGCN32rg1tdRfD4BU4="
    },
    "react-slick": {
      "version": "0.14.11",
      "resolved": "https://registry.npmjs.org/react-slick/-/react-slick-0.14.11.tgz",
      "integrity": "sha1-wsvb43KMZqL/SSm+ltRX4+oNgPM=",
      "requires": {
        "can-use-dom": "0.1.0",
        "classnames": "2.2.5",
        "create-react-class": "15.6.2",
        "enquire.js": "2.1.6",
        "json2mq": "0.2.0",
        "object-assign": "4.1.1",
        "slick-carousel": "1.8.1"
      }
    },
    "recompose": {
      "version": "0.20.2",
      "resolved": "https://registry.npmjs.org/recompose/-/recompose-0.20.2.tgz",
      "integrity": "sha1-ET1qx+KcpmTP/+wWtoHd3fFSULw=",
      "requires": {
        "change-emitter": "0.1.6",
        "fbjs": "0.8.16",
        "hoist-non-react-statics": "1.2.0",
        "symbol-observable": "0.2.4"
      },
      "dependencies": {
        "symbol-observable": {
          "version": "0.2.4",
          "resolved": "https://registry.npmjs.org/symbol-observable/-/symbol-observable-0.2.4.tgz",
          "integrity": "sha1-lag9smGG1q9+ehjb2XYKL4bQj0A="
        }
      }
    },
    "redux": {
      "version": "3.5.2",
      "resolved": "https://registry.npmjs.org/redux/-/redux-3.5.2.tgz",
      "integrity": "sha1-RTN0XpcLZH7CYGaoOqMOnib6+EM=",
      "requires": {
        "lodash": "4.17.4",
        "lodash-es": "4.17.4",
        "loose-envify": "1.3.1",
        "symbol-observable": "0.2.4"
      },
      "dependencies": {
        "symbol-observable": {
          "version": "0.2.4",
          "resolved": "https://registry.npmjs.org/symbol-observable/-/symbol-observable-0.2.4.tgz",
          "integrity": "sha1-lag9smGG1q9+ehjb2XYKL4bQj0A="
        }
      }
    },
    "redux-logger": {
      "version": "2.4.0",
      "resolved": "https://registry.npmjs.org/redux-logger/-/redux-logger-2.4.0.tgz",
      "integrity": "sha1-JYb8/IXNA3ahSU8jV22df31Ps70="
    },
    "redux-promise-middleware": {
      "version": "4.0.0",
      "resolved": "https://registry.npmjs.org/redux-promise-middleware/-/redux-promise-middleware-4.0.0.tgz",
      "integrity": "sha1-TDSqSk5E5xH9mdGwTGhLffRIOOw="
    },
    "redux-router": {
      "version": "2.1.2",
      "resolved": "https://registry.npmjs.org/redux-router/-/redux-router-2.1.2.tgz",
      "integrity": "sha1-A0ckutCPQbr3VNtNIuLYWK22TxE=",
      "requires": {
        "deep-equal": "1.0.1"
      }
    },
    "redux-thunk": {
      "version": "1.0.3",
      "resolved": "https://registry.npmjs.org/redux-thunk/-/redux-thunk-1.0.3.tgz",
      "integrity": "sha1-d4qgCZ7qBZUDGrazkWX2Zw2NJr0="
    },
    "regenerator-runtime": {
      "version": "0.11.0",
      "resolved": "https://registry.npmjs.org/regenerator-runtime/-/regenerator-runtime-0.11.0.tgz",
      "integrity": "sha512-/aA0kLeRb5N9K0d4fw7ooEbI+xDe+DKD499EQqygGqeS8N3xto15p09uY2xj7ixP81sNPXvRLnAQIqdVStgb1A=="
    },
    "reselect": {
      "version": "2.5.4",
      "resolved": "https://registry.npmjs.org/reselect/-/reselect-2.5.4.tgz",
      "integrity": "sha1-t9I/3wC4P6etAnlUb427vXZccEc="
    },
    "rxjs": {
      "version": "5.0.0-beta.12",
      "resolved": "https://registry.npmjs.org/rxjs/-/rxjs-5.0.0-beta.12.tgz",
      "integrity": "sha1-zf3i2MRjnSCud5S/+P3fMtp60zc=",
      "requires": {
        "symbol-observable": "1.0.4"
      }
    },
    "seamless-immutable": {
      "version": "6.1.4",
      "resolved": "https://registry.npmjs.org/seamless-immutable/-/seamless-immutable-6.1.4.tgz",
      "integrity": "sha1-G/Crp5kcyGGVGoHRG2h2H3SA+Fk="
    },
    "select": {
      "version": "1.1.2",
      "resolved": "https://registry.npmjs.org/select/-/select-1.1.2.tgz",
      "integrity": "sha1-DnNQrN7ICxEIUoeG7B1EGNEbOW0="
    },
    "setimmediate": {
      "version": "1.0.5",
      "resolved": "https://registry.npmjs.org/setimmediate/-/setimmediate-1.0.5.tgz",
      "integrity": "sha1-KQy7Iy4waULX1+qbg3Mqt4VvgoU="
    },
    "shallowequal": {
      "version": "0.2.2",
      "resolved": "https://registry.npmjs.org/shallowequal/-/shallowequal-0.2.2.tgz",
      "integrity": "sha1-HjL9W8q2rWiKSBLLDMBO/HXHAU4=",
      "requires": {
        "lodash.keys": "3.1.2"
      }
    },
    "slick-carousel": {
      "version": "1.8.1",
      "resolved": "https://registry.npmjs.org/slick-carousel/-/slick-carousel-1.8.1.tgz",
      "integrity": "sha512-XB9Ftrf2EEKfzoQXt3Nitrt/IPbT+f1fgqBdoxO3W/+JYvtEOW6EgxnWfr9GH6nmULv7Y2tPmEX3koxThVmebA=="
    },
    "smart-mixin": {
      "version": "2.0.0",
      "resolved": "https://registry.npmjs.org/smart-mixin/-/smart-mixin-2.0.0.tgz",
      "integrity": "sha1-o0oQVeMqdbMNK048oyPcmctT9Dc="
    },
    "strict-uri-encode": {
      "version": "1.1.0",
      "resolved": "https://registry.npmjs.org/strict-uri-encode/-/strict-uri-encode-1.1.0.tgz",
      "integrity": "sha1-J5siXfHVgrH1TmWt3UNS4Y+qBxM="
    },
    "string-convert": {
      "version": "0.2.1",
      "resolved": "https://registry.npmjs.org/string-convert/-/string-convert-0.2.1.tgz",
      "integrity": "sha1-aYLMMEn7tM2F+LJFaLnZvznu/5c="
    },
    "symbol-observable": {
      "version": "1.0.4",
      "resolved": "https://registry.npmjs.org/symbol-observable/-/symbol-observable-1.0.4.tgz",
      "integrity": "sha1-Kb9hXUqnEhvdiYsi1LP5vE4qoD0="
    },
    "tiny-emitter": {
      "version": "1.2.0",
      "resolved": "https://registry.npmjs.org/tiny-emitter/-/tiny-emitter-1.2.0.tgz",
      "integrity": "sha1-bchFBSywjr78GHRyO1jySmSMO28="
    },
    "ua-parser-js": {
      "version": "0.7.17",
      "resolved": "https://registry.npmjs.org/ua-parser-js/-/ua-parser-js-0.7.17.tgz",
      "integrity": "sha512-uRdSdu1oA1rncCQL7sCj8vSyZkgtL7faaw9Tc9rZ3mGgraQ7+Pdx7w5mnOSF3gw9ZNG6oc+KXfkon3bKuROm0g=="
    },
    "warning": {
      "version": "3.0.0",
      "resolved": "https://registry.npmjs.org/warning/-/warning-3.0.0.tgz",
      "integrity": "sha1-MuU3fLVy3kqwR1O9+IIcAe1gW3w=",
      "requires": {
        "loose-envify": "1.3.1"
      }
    },
    "whatwg-fetch": {
      "version": "2.0.3",
      "resolved": "https://registry.npmjs.org/whatwg-fetch/-/whatwg-fetch-2.0.3.tgz",
      "integrity": "sha1-nITsLc9oGH/wC8ZOEnS0QhduHIQ="
    }
  }
}
